
Microsoft Visual Studio Solution File, Format Version 12.00
# Visual Studio Version 17
VisualStudioVersion = 17.0.32112.339
MinimumVisualStudioVersion = 10.0.40219.1
Project("{FAE04EC0-301F-11D3-BF4B-00C04F79EFBC}") = "Cadastro_simples_particular_estudo", "Cadastro_simples_particular_estudo\Cadastro_simples_particular_estudo.csproj", "{1D5459BD-A98F-4213-ACA5-EED885E0264C}"
EndProject
Global
	GlobalSection(SolutionConfigurationPlatforms) = preSolution
		Debug|Any CPU = Debug|Any CPU
		Release|Any CPU = Release|Any CPU
	EndGlobalSection
	GlobalSection(ProjectConfigurationPlatforms) = postSolution
		{1D5459BD-A98F-4213-ACA5-EED885E0264C}.Debug|Any CPU.ActiveCfg = Debug|Any CPU
		{1D5459BD-A98F-4213-ACA5-EED885E0264C}.Debug|Any CPU.Build.0 = Debug|Any CPU
		{1D5459BD-A98F-4213-ACA5-EED885E0264C}.Release|Any CPU.ActiveCfg = Release|Any CPU
		{1D5459BD-A98F-4213-ACA5-EED885E0264C}.Release|Any CPU.Build.0 = Release|Any CPU
	EndGlobalSection
	GlobalSection(SolutionProperties) = preSolution
		HideSolutionNode = FALSE
	EndGlobalSection
	GlobalSection(ExtensibilityGlobals) = postSolution
		SolutionGuid = {6DD2A350-D9AA-4236-9263-57970EE35998}
	EndGlobalSection
EndGlobal
